{
    "_meta": {
        "hash": {
            "sha256": "736ff34a1efecf46bba420e81a7f30499ca71e13a4da27cadba0009dcdbadd4d"
        },
        "pipfile-spec": 6,
        "requires": {
            "python_version": "3.10"
        },
        "sources": [
            {
                "name": "pypi",
                "url": "https://pypi.org/simple",
                "verify_ssl": true
            }
        ]
    },
    "default": {
        "packaging": {
            "hashes": [
                "sha256:994793af429502c4ea2ebf6bf664629d07c1a9fe974af92966e4b8d2df7edc61",
                "sha256:a392980d2b6cffa644431898be54b0045151319d1e7ec34f0cfed48767dd334f"
            ],
            "markers": "python_version >= '3.7'",
            "version": "==23.1"
        },
        "plotly": {
            "hashes": [
                "sha256:a63f3ad9e4cc2e02902a738e5e3e7f3d1307f2732ac71a6c28f1238ed3052826",
                "sha256:bcac86d7fcba3eff7260c1eddc36ca34dae2aded10a0709808446565e0e53b93"
            ],
            "index": "pypi",
            "version": "==5.14.1"
        },
        "tenacity": {
            "hashes": [
                "sha256:2f277afb21b851637e8f52e6a613ff08734c347dc19ade928e519d7d2d8569b0",
                "sha256:43af037822bd0029025877f3b2d97cc4d7bb0c2991000a3d59d71517c5c969e0"
            ],
            "markers": "python_version >= '3.6'",
            "version": "==8.2.2"
        }
    },
    "develop": {}
}
